id: capture_info_block
label: 'Capture Info Block'
ui_limit: bird|default
properties:
  block: 'views_block:capture_information-block_2'
  use_block_title: true
  add_block_wrappers: false
  config:
    id: 'views_block:capture_information-block_2'
    label: ''
    provider: views
    label_display: visible
    views_label: ''
    items_per_page: none
    context_mapping: {  }
type: block
type_label: 'Block field'
entities:
  node: node
