uuid: 245584f1-2e1d-4125-b490-a9e91e70e415
langcode: en
status: true
dependencies:
  config:
    - field.storage.paragraph.field_block_reference_block
    - paragraphs.paragraphs_type.block_reference
  module:
    - block_field
id: paragraph.block_reference.field_block_reference_block
field_name: field_block_reference_block
entity_type: paragraph
bundle: block_reference
label: 'Block Reference Block'
description: ''
required: false
translatable: false
default_value: {  }
default_value_callback: ''
settings:
  plugin_ids: {  }
field_type: block_field
