uuid: ec22caf8-f559-4074-8959-7d2bb5c41848
langcode: en
status: true
dependencies:
  module:
    - block_field
    - paragraphs
id: paragraph.field_block_reference_block
field_name: field_block_reference_block
entity_type: paragraph
type: block_field
settings: {  }
module: block_field
locked: false
cardinality: 1
translatable: true
indexes: {  }
persist_with_no_fields: false
custom_storage: false
